
Microsoft Visual Studio Solution File, Format Version 12.00
# Visual Studio Version 16
VisualStudioVersion = 16.0.31729.503
MinimumVisualStudioVersion = 10.0.40219.1
Project("{FAE04EC0-301F-11D3-BF4B-00C04F79EFBC}") = "Software-Projekt", "Software-Projekt\Software-Projekt.csproj", "{89D39BFC-9636-47E3-B7AE-7575166EFF77}"
EndProject
Global
	GlobalSection(SolutionConfigurationPlatforms) = preSolution
		Debug|Any CPU = Debug|Any CPU
		Release|Any CPU = Release|Any CPU
	EndGlobalSection
	GlobalSection(ProjectConfigurationPlatforms) = postSolution
		{89D39BFC-9636-47E3-B7AE-7575166EFF77}.Debug|Any CPU.ActiveCfg = Debug|Any CPU
		{89D39BFC-9636-47E3-B7AE-7575166EFF77}.Debug|Any CPU.Build.0 = Debug|Any CPU
		{89D39BFC-9636-47E3-B7AE-7575166EFF77}.Release|Any CPU.ActiveCfg = Release|Any CPU
		{89D39BFC-9636-47E3-B7AE-7575166EFF77}.Release|Any CPU.Build.0 = Release|Any CPU
	EndGlobalSection
	GlobalSection(SolutionProperties) = preSolution
		HideSolutionNode = FALSE
	EndGlobalSection
	GlobalSection(ExtensibilityGlobals) = postSolution
		SolutionGuid = {45FC1A13-DFF4-44B3-8284-CAD2DC7989D9}
	EndGlobalSection
EndGlobal
